
Microsoft Visual Studio Solution File, Format Version 12.00
# Visual Studio 15
VisualStudioVersion = 15.0.27703.2047
MinimumVisualStudioVersion = 10.0.40219.1
Project("{888888A0-9F3D-457C-B088-3A5042F75D52}") = "FlaskWebProject", "FlaskWebProject\FlaskWebProject.pyproj", "{67082B97-D400-44BF-8BB9-5CCBBD61791D}"
EndProject
Project("{888888A0-9F3D-457C-B088-3A5042F75D52}") = "FlaskRestTest", "FlaskRestTest\FlaskRestTest.pyproj", "{B9034DD3-8872-447B-846A-A96CCD83C5E5}"
EndProject
Global
	GlobalSection(SolutionConfigurationPlatforms) = preSolution
		Debug|Any CPU = Debug|Any CPU
		Release|Any CPU = Release|Any CPU
	EndGlobalSection
	GlobalSection(ProjectConfigurationPlatforms) = postSolution
		{67082B97-D400-44BF-8BB9-5CCBBD61791D}.Debug|Any CPU.ActiveCfg = Debug|Any CPU
		{67082B97-D400-44BF-8BB9-5CCBBD61791D}.Debug|Any CPU.Build.0 = Debug|Any CPU
		{67082B97-D400-44BF-8BB9-5CCBBD61791D}.Release|Any CPU.ActiveCfg = Release|Any CPU
		{67082B97-D400-44BF-8BB9-5CCBBD61791D}.Release|Any CPU.Build.0 = Release|Any CPU
		{B9034DD3-8872-447B-846A-A96CCD83C5E5}.Debug|Any CPU.ActiveCfg = Debug|Any CPU
		{B9034DD3-8872-447B-846A-A96CCD83C5E5}.Debug|Any CPU.Build.0 = Debug|Any CPU
		{B9034DD3-8872-447B-846A-A96CCD83C5E5}.Release|Any CPU.ActiveCfg = Release|Any CPU
		{B9034DD3-8872-447B-846A-A96CCD83C5E5}.Release|Any CPU.Build.0 = Release|Any CPU
	EndGlobalSection
	GlobalSection(SolutionProperties) = preSolution
		HideSolutionNode = FALSE
	EndGlobalSection
	GlobalSection(ExtensibilityGlobals) = postSolution
		SolutionGuid = {29A4C00D-4E31-4A82-BC14-143CCD4C9A4C}
	EndGlobalSection
EndGlobal
